
Microsoft Visual Studio Solution File, Format Version 12.00
# Visual Studio Version 17
VisualStudioVersion = 17.0.32112.339
MinimumVisualStudioVersion = 10.0.40219.1
Project("{FAE04EC0-301F-11D3-BF4B-00C04F79EFBC}") = "RevitAPITraining_lab4.2", "RevitAPITraining_lab4.2\RevitAPITraining_lab4.2.csproj", "{FFEB66FA-4098-4B5C-9035-7937431D7E75}"
EndProject
Global
	GlobalSection(SolutionConfigurationPlatforms) = preSolution
		Debug|Any CPU = Debug|Any CPU
		Release|Any CPU = Release|Any CPU
	EndGlobalSection
	GlobalSection(ProjectConfigurationPlatforms) = postSolution
		{FFEB66FA-4098-4B5C-9035-7937431D7E75}.Debug|Any CPU.ActiveCfg = Debug|Any CPU
		{FFEB66FA-4098-4B5C-9035-7937431D7E75}.Debug|Any CPU.Build.0 = Debug|Any CPU
		{FFEB66FA-4098-4B5C-9035-7937431D7E75}.Release|Any CPU.ActiveCfg = Release|Any CPU
		{FFEB66FA-4098-4B5C-9035-7937431D7E75}.Release|Any CPU.Build.0 = Release|Any CPU
	EndGlobalSection
	GlobalSection(SolutionProperties) = preSolution
		HideSolutionNode = FALSE
	EndGlobalSection
	GlobalSection(ExtensibilityGlobals) = postSolution
		SolutionGuid = {905DFC00-D77F-421C-BC42-E9B746196590}
	EndGlobalSection
EndGlobal
